
Microsoft Visual Studio Solution File, Format Version 12.00
# Visual Studio Version 17
VisualStudioVersion = 17.0.32014.148
MinimumVisualStudioVersion = 10.0.40219.1
Project("{9A19103F-16F7-4668-BE54-9A1E7A4F7556}") = "CourseApp", "CourseApp\CourseApp.csproj", "{D1856C82-5A61-4A61-A2CE-BDAF53530918}"
EndProject
Project("{9A19103F-16F7-4668-BE54-9A1E7A4F7556}") = "CourseApp.Tests", "CourseApp.Tests\CourseApp.Tests.csproj", "{34D7AE24-58E8-48D5-A59E-F18CC60525F1}"
EndProject
Global
	GlobalSection(SolutionConfigurationPlatforms) = preSolution
		Debug|Any CPU = Debug|Any CPU
		Release|Any CPU = Release|Any CPU
	EndGlobalSection
	GlobalSection(ProjectConfigurationPlatforms) = postSolution
		{D1856C82-5A61-4A61-A2CE-BDAF53530918}.Debug|Any CPU.ActiveCfg = Debug|Any CPU
		{D1856C82-5A61-4A61-A2CE-BDAF53530918}.Debug|Any CPU.Build.0 = Debug|Any CPU
		{D1856C82-5A61-4A61-A2CE-BDAF53530918}.Release|Any CPU.ActiveCfg = Release|Any CPU
		{D1856C82-5A61-4A61-A2CE-BDAF53530918}.Release|Any CPU.Build.0 = Release|Any CPU
		{34D7AE24-58E8-48D5-A59E-F18CC60525F1}.Debug|Any CPU.ActiveCfg = Debug|Any CPU
		{34D7AE24-58E8-48D5-A59E-F18CC60525F1}.Debug|Any CPU.Build.0 = Debug|Any CPU
		{34D7AE24-58E8-48D5-A59E-F18CC60525F1}.Release|Any CPU.ActiveCfg = Release|Any CPU
		{34D7AE24-58E8-48D5-A59E-F18CC60525F1}.Release|Any CPU.Build.0 = Release|Any CPU
	EndGlobalSection
	GlobalSection(SolutionProperties) = preSolution
		HideSolutionNode = FALSE
	EndGlobalSection
	GlobalSection(ExtensibilityGlobals) = postSolution
		SolutionGuid = {064E603C-674E-4DB9-A061-4B08C0ACD98C}
	EndGlobalSection
EndGlobal
